
Microsoft Visual Studio Solution File, Format Version 12.00
# Visual Studio Version 16
VisualStudioVersion = 16.0.810.18
MinimumVisualStudioVersion = 10.0.40219.1
Project("{FAE04EC0-301F-11D3-BF4B-00C04F79EFBC}") = "AuthLab2_RyanPinkney", "AuthLab2_RyanPinkney\AuthLab2_RyanPinkney.csproj", "{C10269A0-0524-428E-9EE9-D27C61DEB03C}"
EndProject
Global
	GlobalSection(SolutionConfigurationPlatforms) = preSolution
		Debug|Any CPU = Debug|Any CPU
		Release|Any CPU = Release|Any CPU
	EndGlobalSection
	GlobalSection(ProjectConfigurationPlatforms) = postSolution
		{C10269A0-0524-428E-9EE9-D27C61DEB03C}.Debug|Any CPU.ActiveCfg = Debug|Any CPU
		{C10269A0-0524-428E-9EE9-D27C61DEB03C}.Debug|Any CPU.Build.0 = Debug|Any CPU
		{C10269A0-0524-428E-9EE9-D27C61DEB03C}.Release|Any CPU.ActiveCfg = Release|Any CPU
		{C10269A0-0524-428E-9EE9-D27C61DEB03C}.Release|Any CPU.Build.0 = Release|Any CPU
	EndGlobalSection
	GlobalSection(SolutionProperties) = preSolution
		HideSolutionNode = FALSE
	EndGlobalSection
	GlobalSection(ExtensibilityGlobals) = postSolution
		SolutionGuid = {ED8061DC-29AD-43AA-8E9B-D8AE4A672FA4}
	EndGlobalSection
EndGlobal
